<?xml version="1.0" encoding="utf-8"?>
<Project ToolsVersion="17.0" xmlns="http://schemas.microsoft.com/developer/msbuild/2003">
  <ItemGroup>
    <ClCompile Include="C:\Users\jwmil\MillerInc.GPU\PhysicsEngine\source\library.cpp">
      <Filter>Source Files</Filter>
    </ClCompile>
    <ClCompile Include="C:\Users\jwmil\MillerInc.GPU\PhysicsEngine\source\FieldTypes\BaseTypes\Vector3.cpp">
      <Filter>Source Files</Filter>
    </ClCompile>
    <ClCompile Include="C:\Users\jwmil\MillerInc.GPU\PhysicsEngine\source\FieldTypes\ComplexTypes\Force.cpp">
      <Filter>Source Files</Filter>
    </ClCompile>
    <ClCompile Include="C:\Users\jwmil\MillerInc.GPU\PhysicsEngine\source\FieldTypes\ComplexTypes\ContactForce.cpp">
      <Filter>Source Files</Filter>
    </ClCompile>
    <ClCompile Include="C:\Users\jwmil\MillerInc.GPU\PhysicsEngine\source\PhysicsObjects\BaseObject.cpp">
      <Filter>Source Files</Filter>
    </ClCompile>
    <ClCompile Include="C:\Users\jwmil\MillerInc.GPU\PhysicsEngine\source\PhysicsObjects\Collidables\ImpulseObject.cpp">
      <Filter>Source Files</Filter>
    </ClCompile>
    <ClCompile Include="C:\Users\jwmil\MillerInc.GPU\PhysicsEngine\source\PhysicsObjects\Collidables\CollisionObject.cpp">
      <Filter>Source Files</Filter>
    </ClCompile>
    <ClCompile Include="C:\Users\jwmil\MillerInc.GPU\PhysicsEngine\source\PhysicsObjects\Collidables\SimpleShapes\Sphere.cpp">
      <Filter>Source Files</Filter>
    </ClCompile>
    <ClCompile Include="C:\Users\jwmil\MillerInc.GPU\PhysicsEngine\source\PhysicsEngine\Scenes\Scene.cpp">
      <Filter>Source Files</Filter>
    </ClCompile>
    <ClCompile Include="C:\Users\jwmil\MillerInc.GPU\PhysicsEngine\source\Rendering\Windows\CPU\visualizer.cpp">
      <Filter>Source Files</Filter>
    </ClCompile>
    <ClCompile Include="C:\Users\jwmil\MillerInc.GPU\PhysicsEngine\source\PhysicsObjects\Collidables\SimpleShapes\Cube.cpp">
      <Filter>Source Files</Filter>
    </ClCompile>
    <ClCompile Include="C:\Users\jwmil\MillerInc.GPU\PhysicsEngine\source\PhysicsObjects\Collidables\SimpleShapes\FlatSheet.cpp">
      <Filter>Source Files</Filter>
    </ClCompile>
    <ClCompile Include="C:\Users\jwmil\MillerInc.GPU\PhysicsEngine\source\FieldTypes\BaseTypes\Quaternion.cpp">
      <Filter>Source Files</Filter>
    </ClCompile>
    <ClCompile Include="C:\Users\jwmil\MillerInc.GPU\PhysicsEngine\source\FieldTypes\ComplexTypes\PositionForces\GravityForce.cpp">
      <Filter>Source Files</Filter>
    </ClCompile>
    <ClCompile Include="C:\Users\jwmil\MillerInc.GPU\PhysicsEngine\source\FieldTypes\ComplexTypes\PositionForces\DragForce.cpp">
      <Filter>Source Files</Filter>
    </ClCompile>
    <ClCompile Include="C:\Users\jwmil\MillerInc.GPU\PhysicsEngine\source\FieldTypes\ComplexTypes\PositionForces\SpringForce.cpp">
      <Filter>Source Files</Filter>
    </ClCompile>
  </ItemGroup>
  <ItemGroup>
    <ClInclude Include="C:\Users\jwmil\MillerInc.GPU\PhysicsEngine\include\library.h">
      <Filter>Header Files</Filter>
    </ClInclude>
    <ClInclude Include="C:\Users\jwmil\MillerInc.GPU\PhysicsEngine\include\FullEngineIncludes.h">
      <Filter>Header Files</Filter>
    </ClInclude>
    <ClInclude Include="C:\Users\jwmil\MillerInc.GPU\PhysicsEngine\include\FieldTypes\BaseTypes\Vector3.h">
      <Filter>Header Files</Filter>
    </ClInclude>
    <ClInclude Include="C:\Users\jwmil\MillerInc.GPU\PhysicsEngine\include\FieldTypes\BaseTypes\Quaternion.h">
      <Filter>Header Files</Filter>
    </ClInclude>
    <ClInclude Include="C:\Users\jwmil\MillerInc.GPU\PhysicsEngine\include\FieldTypes\ComplexTypes\Force.h">
      <Filter>Header Files</Filter>
    </ClInclude>
    <ClInclude Include="C:\Users\jwmil\MillerInc.GPU\PhysicsEngine\include\FieldTypes\ComplexTypes\ContactForce.h">
      <Filter>Header Files</Filter>
    </ClInclude>
    <ClInclude Include="C:\Users\jwmil\MillerInc.GPU\PhysicsEngine\include\PhysicsObjects\BaseObject.h">
      <Filter>Header Files</Filter>
    </ClInclude>
    <ClInclude Include="C:\Users\jwmil\MillerInc.GPU\PhysicsEngine\include\PhysicsObjects\Collidables\ImpulseObject.h">
      <Filter>Header Files</Filter>
    </ClInclude>
    <ClInclude Include="C:\Users\jwmil\MillerInc.GPU\PhysicsEngine\include\PhysicsObjects\Collidables\CollisionObject.h">
      <Filter>Header Files</Filter>
    </ClInclude>
    <ClInclude Include="C:\Users\jwmil\MillerInc.GPU\PhysicsEngine\include\PhysicsObjects\Collidables\SimpleShapes\Sphere.h">
      <Filter>Header Files</Filter>
    </ClInclude>
    <ClInclude Include="C:\Users\jwmil\MillerInc.GPU\PhysicsEngine\include\PhysicsEngine\Scenes\Scene.h">
      <Filter>Header Files</Filter>
    </ClInclude>
    <ClInclude Include="C:\Users\jwmil\MillerInc.GPU\PhysicsEngine\include\Rendering\Windows\CPU\visualizer.h">
      <Filter>Header Files</Filter>
    </ClInclude>
    <ClInclude Include="C:\Users\jwmil\MillerInc.GPU\PhysicsEngine\include\PhysicsObjects\Collidables\SimpleShapes\Cube.h">
      <Filter>Header Files</Filter>
    </ClInclude>
    <ClInclude Include="C:\Users\jwmil\MillerInc.GPU\PhysicsEngine\include\PhysicsObjects\Collidables\SimpleShapes\FlatSheet.h">
      <Filter>Header Files</Filter>
    </ClInclude>
    <ClInclude Include="C:\Users\jwmil\MillerInc.GPU\PhysicsEngine\include\FieldTypes\ComplexTypes\PosVariableForce.h">
      <Filter>Header Files</Filter>
    </ClInclude>
    <ClInclude Include="C:\Users\jwmil\MillerInc.GPU\PhysicsEngine\include\FieldTypes\ComplexTypes\PositionForces\GravityForce.h">
      <Filter>Header Files</Filter>
    </ClInclude>
    <ClInclude Include="C:\Users\jwmil\MillerInc.GPU\PhysicsEngine\include\FieldTypes\ComplexTypes\PositionForces\SpringForce.h">
      <Filter>Header Files</Filter>
    </ClInclude>
    <ClInclude Include="C:\Users\jwmil\MillerInc.GPU\PhysicsEngine\include\FieldTypes\ComplexTypes\PositionForces\DragForce.h">
      <Filter>Header Files</Filter>
    </ClInclude>
    <ClInclude Include="C:\Users\jwmil\MillerInc.GPU\PhysicsEngine\include\CrossPlatformMacros.h">
      <Filter>Header Files</Filter>
    </ClInclude>
  </ItemGroup>
  <ItemGroup>
    <CustomBuild Include="C:\Users\jwmil\MillerInc.GPU\PhysicsEngine\CMakeLists.txt" />
  </ItemGroup>
  <ItemGroup>
    <None Include="C:\Users\jwmil\MillerInc.GPU\PhysicsEngine\include\Rendering\Windows\CPU\visualizer.ui" />
  </ItemGroup>
  <ItemGroup>
    <Filter Include="Header Files">
      <UniqueIdentifier>{D3823B6F-82E6-3A92-815B-6835B081AEEE}</UniqueIdentifier>
    </Filter>
    <Filter Include="Source Files">
      <UniqueIdentifier>{CC32E45B-18EF-38DE-8814-6C208BAFD1AA}</UniqueIdentifier>
    </Filter>
  </ItemGroup>
</Project>
